// !$*UTF8*$!
{
	archiveVersion = 1;
	classes = {
	};
	objectVersion = 77;
	objects = {

/* Begin PBXBuildFile section */
		704EC1212CB9C5AD0093ACA5 /* SwiftSVG in Frameworks */ = {isa = PBXBuildFile; productRef = 704EC1202CB9C5AD0093ACA5 /* SwiftSVG */; };
		709842DA2CB72DFF00C7A28F /* FirebaseDatabase in Frameworks */ = {isa = PBXBuildFile; productRef = 709842D92CB72DFF00C7A28F /* FirebaseDatabase */; };
		709842DC2CB72DFF00C7A28F /* FirebaseFirestore in Frameworks */ = {isa = PBXBuildFile; productRef = 709842DB2CB72DFF00C7A28F /* FirebaseFirestore */; };
		70C714DD2CC214D80046BC1F /* GoogleMobileAds in Frameworks */ = {isa = PBXBuildFile; productRef = 70C714DC2CC214D80046BC1F /* GoogleMobileAds */; };
/* End PBXBuildFile section */

/* Begin PBXContainerItemProxy section */
		709842AD2CB72AD300C7A28F /* PBXContainerItemProxy */ = {
			isa = PBXContainerItemProxy;
			containerPortal = 709842942CB72AD200C7A28F /* Project object */;
			proxyType = 1;
			remoteGlobalIDString = 7098429B2CB72AD200C7A28F;
			remoteInfo = "Ranking-Trivia Latam";
		};
		709842B72CB72AD300C7A28F /* PBXContainerItemProxy */ = {
			isa = PBXContainerItemProxy;
			containerPortal = 709842942CB72AD200C7A28F /* Project object */;
			proxyType = 1;
			remoteGlobalIDString = 7098429B2CB72AD200C7A28F;
			remoteInfo = "Ranking-Trivia Latam";
		};
/* End PBXContainerItemProxy section */

/* Begin PBXFileReference section */
		7098429C2CB72AD200C7A28F /* Ranking-Trivia Latam.app */ = {isa = PBXFileReference; explicitFileType = wrapper.application; includeInIndex = 0; path = "Ranking-Trivia Latam.app"; sourceTree = BUILT_PRODUCTS_DIR; };
		709842AC2CB72AD300C7A28F /* Ranking-Trivia LatamTests.xctest */ = {isa = PBXFileReference; explicitFileType = wrapper.cfbundle; includeInIndex = 0; path = "Ranking-Trivia LatamTests.xctest"; sourceTree = BUILT_PRODUCTS_DIR; };
		709842B62CB72AD300C7A28F /* Ranking-Trivia LatamUITests.xctest */ = {isa = PBXFileReference; explicitFileType = wrapper.cfbundle; includeInIndex = 0; path = "Ranking-Trivia LatamUITests.xctest"; sourceTree = BUILT_PRODUCTS_DIR; };
/* End PBXFileReference section */

/* Begin PBXFileSystemSynchronizedBuildFileExceptionSet section */
		70C714142CBDCB250046BC1F /* Exceptions for "Ranking-Trivia Latam" folder in "Ranking-Trivia LatamTests" target */ = {
			isa = PBXFileSystemSynchronizedBuildFileExceptionSet;
			membershipExceptions = (
				"font/fredoka-condensed-bold.ttf",
				"font/fredoka-condensed-medium.ttf",
				"font/fredoka-condensed-semibold.ttf",
				"GoogleService-Info.plist",
				sound_click.wav,
				sound_error.wav,
				sound_next_level.wav,
				sound_remove.wav,
				sound_success.wav,
				tutorial_correct_incorrect.mp4,
				tutorial_drag_and_drop.mp4,
			);
			target = 709842AB2CB72AD300C7A28F /* Ranking-Trivia LatamTests */;
		};
		70C714152CBDCB250046BC1F /* Exceptions for "Ranking-Trivia Latam" folder in "Ranking-Trivia LatamUITests" target */ = {
			isa = PBXFileSystemSynchronizedBuildFileExceptionSet;
			membershipExceptions = (
				"font/fredoka-condensed-bold.ttf",
				"font/fredoka-condensed-medium.ttf",
				"font/fredoka-condensed-semibold.ttf",
				"GoogleService-Info.plist",
				sound_click.wav,
				sound_error.wav,
				sound_next_level.wav,
				sound_remove.wav,
				sound_success.wav,
				tutorial_correct_incorrect.mp4,
				tutorial_drag_and_drop.mp4,
			);
			target = 709842B52CB72AD300C7A28F /* Ranking-Trivia LatamUITests */;
		};
/* End PBXFileSystemSynchronizedBuildFileExceptionSet section */

/* Begin PBXFileSystemSynchronizedRootGroup section */
		709842DE2CB72E6400C7A28F /* Preview Content */ = {
			isa = PBXFileSystemSynchronizedRootGroup;
			path = "Preview Content";
			sourceTree = "<group>";
		};
		709842EE2CB7305C00C7A28F /* Ranking-Trivia Latam */ = {
			isa = PBXFileSystemSynchronizedRootGroup;
			exceptions = (
				70C714142CBDCB250046BC1F /* Exceptions for "Ranking-Trivia Latam" folder in "Ranking-Trivia LatamTests" target */,
				70C714152CBDCB250046BC1F /* Exceptions for "Ranking-Trivia Latam" folder in "Ranking-Trivia LatamUITests" target */,
			);
			path = "Ranking-Trivia Latam";
			sourceTree = "<group>";
		};
/* End PBXFileSystemSynchronizedRootGroup section */

/* Begin PBXFrameworksBuildPhase section */
		709842992CB72AD200C7A28F /* Frameworks */ = {
			isa = PBXFrameworksBuildPhase;
			buildActionMask = 2147483647;
			files = (
				70C714DD2CC214D80046BC1F /* GoogleMobileAds in Frameworks */,
				709842DA2CB72DFF00C7A28F /* FirebaseDatabase in Frameworks */,
				709842DC2CB72DFF00C7A28F /* FirebaseFirestore in Frameworks */,
				704EC1212CB9C5AD0093ACA5 /* SwiftSVG in Frameworks */,
			);
			runOnlyForDeploymentPostprocessing = 0;
		};
		709842A92CB72AD300C7A28F /* Frameworks */ = {
			isa = PBXFrameworksBuildPhase;
			buildActionMask = 2147483647;
			files = (
			);
			runOnlyForDeploymentPostprocessing = 0;
		};
		709842B32CB72AD300C7A28F /* Frameworks */ = {
			isa = PBXFrameworksBuildPhase;
			buildActionMask = 2147483647;
			files = (
			);
			runOnlyForDeploymentPostprocessing = 0;
		};
/* End PBXFrameworksBuildPhase section */

/* Begin PBXGroup section */
		709842932CB72AD200C7A28F = {
			isa = PBXGroup;
			children = (
				709842EE2CB7305C00C7A28F /* Ranking-Trivia Latam */,
				709842DE2CB72E6400C7A28F /* Preview Content */,
				70C714DB2CC214D80046BC1F /* Frameworks */,
				7098429D2CB72AD200C7A28F /* Products */,
			);
			sourceTree = "<group>";
		};
		7098429D2CB72AD200C7A28F /* Products */ = {
			isa = PBXGroup;
			children = (
				7098429C2CB72AD200C7A28F /* Ranking-Trivia Latam.app */,
				709842AC2CB72AD300C7A28F /* Ranking-Trivia LatamTests.xctest */,
				709842B62CB72AD300C7A28F /* Ranking-Trivia LatamUITests.xctest */,
			);
			name = Products;
			sourceTree = "<group>";
		};
		70C714DB2CC214D80046BC1F /* Frameworks */ = {
			isa = PBXGroup;
			children = (
			);
			name = Frameworks;
			sourceTree = "<group>";
		};
/* End PBXGroup section */

/* Begin PBXNativeTarget section */
		7098429B2CB72AD200C7A28F /* Ranking-Trivia Latam */ = {
			isa = PBXNativeTarget;
			buildConfigurationList = 709842C02CB72AD300C7A28F /* Build configuration list for PBXNativeTarget "Ranking-Trivia Latam" */;
			buildPhases = (
				709842982CB72AD200C7A28F /* Sources */,
				709842992CB72AD200C7A28F /* Frameworks */,
				7098429A2CB72AD200C7A28F /* Resources */,
			);
			buildRules = (
			);
			dependencies = (
			);
			fileSystemSynchronizedGroups = (
				709842DE2CB72E6400C7A28F /* Preview Content */,
				709842EE2CB7305C00C7A28F /* Ranking-Trivia Latam */,
			);
			name = "Ranking-Trivia Latam";
			packageProductDependencies = (
				709842D92CB72DFF00C7A28F /* FirebaseDatabase */,
				709842DB2CB72DFF00C7A28F /* FirebaseFirestore */,
				704EC1202CB9C5AD0093ACA5 /* SwiftSVG */,
				70C714DC2CC214D80046BC1F /* GoogleMobileAds */,
			);
			productName = "Ranking-Trivia Latam";
			productReference = 7098429C2CB72AD200C7A28F /* Ranking-Trivia Latam.app */;
			productType = "com.apple.product-type.application";
		};
		709842AB2CB72AD300C7A28F /* Ranking-Trivia LatamTests */ = {
			isa = PBXNativeTarget;
			buildConfigurationList = 709842C32CB72AD300C7A28F /* Build configuration list for PBXNativeTarget "Ranking-Trivia LatamTests" */;
			buildPhases = (
				709842A82CB72AD300C7A28F /* Sources */,
				709842A92CB72AD300C7A28F /* Frameworks */,
				709842AA2CB72AD300C7A28F /* Resources */,
			);
			buildRules = (
			);
			dependencies = (
				709842AE2CB72AD300C7A28F /* PBXTargetDependency */,
			);
			name = "Ranking-Trivia LatamTests";
			packageProductDependencies = (
			);
			productName = "Ranking-Trivia LatamTests";
			productReference = 709842AC2CB72AD300C7A28F /* Ranking-Trivia LatamTests.xctest */;
			productType = "com.apple.product-type.bundle.unit-test";
		};
		709842B52CB72AD300C7A28F /* Ranking-Trivia LatamUITests */ = {
			isa = PBXNativeTarget;
			buildConfigurationList = 709842C62CB72AD300C7A28F /* Build configuration list for PBXNativeTarget "Ranking-Trivia LatamUITests" */;
			buildPhases = (
				709842B22CB72AD300C7A28F /* Sources */,
				709842B32CB72AD300C7A28F /* Frameworks */,
				709842B42CB72AD300C7A28F /* Resources */,
			);
			buildRules = (
			);
			dependencies = (
				709842B82CB72AD300C7A28F /* PBXTargetDependency */,
			);
			name = "Ranking-Trivia LatamUITests";
			packageProductDependencies = (
			);
			productName = "Ranking-Trivia LatamUITests";
			productReference = 709842B62CB72AD300C7A28F /* Ranking-Trivia LatamUITests.xctest */;
			productType = "com.apple.product-type.bundle.ui-testing";
		};
/* End PBXNativeTarget section */

/* Begin PBXProject section */
		709842942CB72AD200C7A28F /* Project object */ = {
			isa = PBXProject;
			attributes = {
				BuildIndependentTargetsInParallel = 1;
				LastSwiftUpdateCheck = 1600;
				LastUpgradeCheck = 1600;
				TargetAttributes = {
					7098429B2CB72AD200C7A28F = {
						CreatedOnToolsVersion = 16.0;
					};
					709842AB2CB72AD300C7A28F = {
						CreatedOnToolsVersion = 16.0;
						TestTargetID = 7098429B2CB72AD200C7A28F;
					};
					709842B52CB72AD300C7A28F = {
						CreatedOnToolsVersion = 16.0;
						TestTargetID = 7098429B2CB72AD200C7A28F;
					};
				};
			};
			buildConfigurationList = 709842972CB72AD200C7A28F /* Build configuration list for PBXProject "Ranking-Trivia Latam" */;
			developmentRegion = en;
			hasScannedForEncodings = 0;
			knownRegions = (
				en,
				Base,
			);
			mainGroup = 709842932CB72AD200C7A28F;
			minimizedProjectReferenceProxies = 1;
			packageReferences = (
				709842D82CB72DFF00C7A28F /* XCRemoteSwiftPackageReference "firebase-ios-sdk" */,
				704EC11C2CB9C3BA0093ACA5 /* XCRemoteSwiftPackageReference "SwiftSVG" */,
				70C714D42CC20B7C0046BC1F /* XCRemoteSwiftPackageReference "swift-package-manager-google-mobile-ads" */,
			);
			preferredProjectObjectVersion = 77;
			productRefGroup = 7098429D2CB72AD200C7A28F /* Products */;
			projectDirPath = "";
			projectRoot = "";
			targets = (
				7098429B2CB72AD200C7A28F /* Ranking-Trivia Latam */,
				709842AB2CB72AD300C7A28F /* Ranking-Trivia LatamTests */,
				709842B52CB72AD300C7A28F /* Ranking-Trivia LatamUITests */,
			);
		};
/* End PBXProject section */

/* Begin PBXResourcesBuildPhase section */
		7098429A2CB72AD200C7A28F /* Resources */ = {
			isa = PBXResourcesBuildPhase;
			buildActionMask = 2147483647;
			files = (
			);
			runOnlyForDeploymentPostprocessing = 0;
		};
		709842AA2CB72AD300C7A28F /* Resources */ = {
			isa = PBXResourcesBuildPhase;
			buildActionMask = 2147483647;
			files = (
			);
			runOnlyForDeploymentPostprocessing = 0;
		};
		709842B42CB72AD300C7A28F /* Resources */ = {
			isa = PBXResourcesBuildPhase;
			buildActionMask = 2147483647;
			files = (
			);
			runOnlyForDeploymentPostprocessing = 0;
		};
/* End PBXResourcesBuildPhase section */

/* Begin PBXSourcesBuildPhase section */
		709842982CB72AD200C7A28F /* Sources */ = {
			isa = PBXSourcesBuildPhase;
			buildActionMask = 2147483647;
			files = (
			);
			runOnlyForDeploymentPostprocessing = 0;
		};
		709842A82CB72AD300C7A28F /* Sources */ = {
			isa = PBXSourcesBuildPhase;
			buildActionMask = 2147483647;
			files = (
			);
			runOnlyForDeploymentPostprocessing = 0;
		};
		709842B22CB72AD300C7A28F /* Sources */ = {
			isa = PBXSourcesBuildPhase;
			buildActionMask = 2147483647;
			files = (
			);
			runOnlyForDeploymentPostprocessing = 0;
		};
/* End PBXSourcesBuildPhase section */

/* Begin PBXTargetDependency section */
		709842AE2CB72AD300C7A28F /* PBXTargetDependency */ = {
			isa = PBXTargetDependency;
			target = 7098429B2CB72AD200C7A28F /* Ranking-Trivia Latam */;
			targetProxy = 709842AD2CB72AD300C7A28F /* PBXContainerItemProxy */;
		};
		709842B82CB72AD300C7A28F /* PBXTargetDependency */ = {
			isa = PBXTargetDependency;
			target = 7098429B2CB72AD200C7A28F /* Ranking-Trivia Latam */;
			targetProxy = 709842B72CB72AD300C7A28F /* PBXContainerItemProxy */;
		};
/* End PBXTargetDependency section */

/* Begin XCBuildConfiguration section */
		709842BE2CB72AD300C7A28F /* Debug */ = {
			isa = XCBuildConfiguration;
			buildSettings = {
				ALWAYS_SEARCH_USER_PATHS = NO;
				ASSETCATALOG_COMPILER_GENERATE_SWIFT_ASSET_SYMBOL_EXTENSIONS = YES;
				CLANG_ANALYZER_NONNULL = YES;
				CLANG_ANALYZER_NUMBER_OBJECT_CONVERSION = YES_AGGRESSIVE;
				CLANG_CXX_LANGUAGE_STANDARD = "gnu++20";
				CLANG_ENABLE_MODULES = YES;
				CLANG_ENABLE_OBJC_ARC = YES;
				CLANG_ENABLE_OBJC_WEAK = YES;
				CLANG_WARN_BLOCK_CAPTURE_AUTORELEASING = YES;
				CLANG_WARN_BOOL_CONVERSION = YES;
				CLANG_WARN_COMMA = YES;
				CLANG_WARN_CONSTANT_CONVERSION = YES;
				CLANG_WARN_DEPRECATED_OBJC_IMPLEMENTATIONS = YES;
				CLANG_WARN_DIRECT_OBJC_ISA_USAGE = YES_ERROR;
				CLANG_WARN_DOCUMENTATION_COMMENTS = YES;
				CLANG_WARN_EMPTY_BODY = YES;
				CLANG_WARN_ENUM_CONVERSION = YES;
				CLANG_WARN_INFINITE_RECURSION = YES;
				CLANG_WARN_INT_CONVERSION = YES;
				CLANG_WARN_NON_LITERAL_NULL_CONVERSION = YES;
				CLANG_WARN_OBJC_IMPLICIT_RETAIN_SELF = YES;
				CLANG_WARN_OBJC_LITERAL_CONVERSION = YES;
				CLANG_WARN_OBJC_ROOT_CLASS = YES_ERROR;
				CLANG_WARN_QUOTED_INCLUDE_IN_FRAMEWORK_HEADER = YES;
				CLANG_WARN_RANGE_LOOP_ANALYSIS = YES;
				CLANG_WARN_STRICT_PROTOTYPES = YES;
				CLANG_WARN_SUSPICIOUS_MOVE = YES;
				CLANG_WARN_UNGUARDED_AVAILABILITY = YES_AGGRESSIVE;
				CLANG_WARN_UNREACHABLE_CODE = YES;
				CLANG_WARN__DUPLICATE_METHOD_MATCH = YES;
				COPY_PHASE_STRIP = NO;
				DEBUG_INFORMATION_FORMAT = dwarf;
				ENABLE_STRICT_OBJC_MSGSEND = YES;
				ENABLE_TESTABILITY = YES;
				ENABLE_USER_SCRIPT_SANDBOXING = YES;
				GCC_C_LANGUAGE_STANDARD = gnu17;
				GCC_DYNAMIC_NO_PIC = NO;
				GCC_NO_COMMON_BLOCKS = YES;
				GCC_OPTIMIZATION_LEVEL = 0;
				GCC_PREPROCESSOR_DEFINITIONS = (
					"DEBUG=1",
					"$(inherited)",
				);
				GCC_WARN_64_TO_32_BIT_CONVERSION = YES;
				GCC_WARN_ABOUT_RETURN_TYPE = YES_ERROR;
				GCC_WARN_UNDECLARED_SELECTOR = YES;
				GCC_WARN_UNINITIALIZED_AUTOS = YES_AGGRESSIVE;
				GCC_WARN_UNUSED_FUNCTION = YES;
				GCC_WARN_UNUSED_VARIABLE = YES;
				IPHONEOS_DEPLOYMENT_TARGET = 18.0;
				LOCALIZATION_PREFERS_STRING_CATALOGS = YES;
				MTL_ENABLE_DEBUG_INFO = INCLUDE_SOURCE;
				MTL_FAST_MATH = YES;
				ONLY_ACTIVE_ARCH = YES;
				SDKROOT = iphoneos;
				SWIFT_ACTIVE_COMPILATION_CONDITIONS = "DEBUG $(inherited)";
				SWIFT_OPTIMIZATION_LEVEL = "-Onone";
			};
			name = Debug;
		};
		709842BF2CB72AD300C7A28F /* Release */ = {
			isa = XCBuildConfiguration;
			buildSettings = {
				ALWAYS_SEARCH_USER_PATHS = NO;
				ASSETCATALOG_COMPILER_GENERATE_SWIFT_ASSET_SYMBOL_EXTENSIONS = YES;
				CLANG_ANALYZER_NONNULL = YES;
				CLANG_ANALYZER_NUMBER_OBJECT_CONVERSION = YES_AGGRESSIVE;
				CLANG_CXX_LANGUAGE_STANDARD = "gnu++20";
				CLANG_ENABLE_MODULES = YES;
				CLANG_ENABLE_OBJC_ARC = YES;
				CLANG_ENABLE_OBJC_WEAK = YES;
				CLANG_WARN_BLOCK_CAPTURE_AUTORELEASING = YES;
				CLANG_WARN_BOOL_CONVERSION = YES;
				CLANG_WARN_COMMA = YES;
				CLANG_WARN_CONSTANT_CONVERSION = YES;
				CLANG_WARN_DEPRECATED_OBJC_IMPLEMENTATIONS = YES;
				CLANG_WARN_DIRECT_OBJC_ISA_USAGE = YES_ERROR;
				CLANG_WARN_DOCUMENTATION_COMMENTS = YES;
				CLANG_WARN_EMPTY_BODY = YES;
				CLANG_WARN_ENUM_CONVERSION = YES;
				CLANG_WARN_INFINITE_RECURSION = YES;
				CLANG_WARN_INT_CONVERSION = YES;
				CLANG_WARN_NON_LITERAL_NULL_CONVERSION = YES;
				CLANG_WARN_OBJC_IMPLICIT_RETAIN_SELF = YES;
				CLANG_WARN_OBJC_LITERAL_CONVERSION = YES;
				CLANG_WARN_OBJC_ROOT_CLASS = YES_ERROR;
				CLANG_WARN_QUOTED_INCLUDE_IN_FRAMEWORK_HEADER = YES;
				CLANG_WARN_RANGE_LOOP_ANALYSIS = YES;
				CLANG_WARN_STRICT_PROTOTYPES = YES;
				CLANG_WARN_SUSPICIOUS_MOVE = YES;
				CLANG_WARN_UNGUARDED_AVAILABILITY = YES_AGGRESSIVE;
				CLANG_WARN_UNREACHABLE_CODE = YES;
				CLANG_WARN__DUPLICATE_METHOD_MATCH = YES;
				COPY_PHASE_STRIP = NO;
				DEBUG_INFORMATION_FORMAT = "dwarf-with-dsym";
				ENABLE_NS_ASSERTIONS = NO;
				ENABLE_STRICT_OBJC_MSGSEND = YES;
				ENABLE_USER_SCRIPT_SANDBOXING = YES;
				GCC_C_LANGUAGE_STANDARD = gnu17;
				GCC_NO_COMMON_BLOCKS = YES;
				GCC_WARN_64_TO_32_BIT_CONVERSION = YES;
				GCC_WARN_ABOUT_RETURN_TYPE = YES_ERROR;
				GCC_WARN_UNDECLARED_SELECTOR = YES;
				GCC_WARN_UNINITIALIZED_AUTOS = YES_AGGRESSIVE;
				GCC_WARN_UNUSED_FUNCTION = YES;
				GCC_WARN_UNUSED_VARIABLE = YES;
				IPHONEOS_DEPLOYMENT_TARGET = 18.0;
				LOCALIZATION_PREFERS_STRING_CATALOGS = YES;
				MTL_ENABLE_DEBUG_INFO = NO;
				MTL_FAST_MATH = YES;
				SDKROOT = iphoneos;
				SWIFT_COMPILATION_MODE = wholemodule;
				VALIDATE_PRODUCT = YES;
			};
			name = Release;
		};
		709842C12CB72AD300C7A28F /* Debug */ = {
			isa = XCBuildConfiguration;
			buildSettings = {
				ASSETCATALOG_COMPILER_APPICON_NAME = AppIcon;
				ASSETCATALOG_COMPILER_GLOBAL_ACCENT_COLOR_NAME = AccentColor;
				CODE_SIGN_STYLE = Automatic;
				CURRENT_PROJECT_VERSION = 1.0.2;
				DEVELOPMENT_ASSET_PATHS = "\"Ranking-Trivia Latam/Preview Content\"";
				DEVELOPMENT_TEAM = 4X96DB8457;
				ENABLE_PREVIEWS = YES;
				GENERATE_INFOPLIST_FILE = YES;
				INFOPLIST_FILE = "Ranking-Trivia-Latam-Info.plist";
				INFOPLIST_KEY_CFBundleDisplayName = "Ranking-Trivia Latam";
				INFOPLIST_KEY_LSApplicationCategoryType = "public.app-category.trivia-games";
				INFOPLIST_KEY_UIApplicationSceneManifest_Generation = YES;
				INFOPLIST_KEY_UIApplicationSupportsIndirectInputEvents = YES;
				INFOPLIST_KEY_UILaunchScreen_Generation = YES;
				INFOPLIST_KEY_UIRequiresFullScreen = YES;
				INFOPLIST_KEY_UIStatusBarStyle = "";
				INFOPLIST_KEY_UISupportedInterfaceOrientations = UIInterfaceOrientationPortrait;
				IPHONEOS_DEPLOYMENT_TARGET = 16.0;
				LD_RUNPATH_SEARCH_PATHS = (
					"$(inherited)",
					"@executable_path/Frameworks",
				);
				MARKETING_VERSION = 2.0;
				PRODUCT_BUNDLE_IDENTIFIER = "com.Ranking-Trivia-Latam";
				PRODUCT_NAME = "$(TARGET_NAME)";
				SUPPORTED_PLATFORMS = "iphoneos iphonesimulator";
				SUPPORTS_MACCATALYST = NO;
				SUPPORTS_MAC_DESIGNED_FOR_IPHONE_IPAD = NO;
				SUPPORTS_XR_DESIGNED_FOR_IPHONE_IPAD = NO;
				SWIFT_EMIT_LOC_STRINGS = YES;
				SWIFT_VERSION = 5.0;
				TARGETED_DEVICE_FAMILY = "1,2";
			};
			name = Debug;
		};
		709842C22CB72AD300C7A28F /* Release */ = {
			isa = XCBuildConfiguration;
			buildSettings = {
				ASSETCATALOG_COMPILER_APPICON_NAME = AppIcon;
				ASSETCATALOG_COMPILER_GLOBAL_ACCENT_COLOR_NAME = AccentColor;
				CODE_SIGN_STYLE = Automatic;
				CURRENT_PROJECT_VERSION = 1.0.2;
				DEVELOPMENT_ASSET_PATHS = "\"Ranking-Trivia Latam/Preview Content\"";
				DEVELOPMENT_TEAM = 4X96DB8457;
				ENABLE_PREVIEWS = YES;
				GENERATE_INFOPLIST_FILE = YES;
				INFOPLIST_FILE = "Ranking-Trivia-Latam-Info.plist";
				INFOPLIST_KEY_CFBundleDisplayName = "Ranking-Trivia Latam";
				INFOPLIST_KEY_LSApplicationCategoryType = "public.app-category.trivia-games";
				INFOPLIST_KEY_UIApplicationSceneManifest_Generation = YES;
				INFOPLIST_KEY_UIApplicationSupportsIndirectInputEvents = YES;
				INFOPLIST_KEY_UILaunchScreen_Generation = YES;
				INFOPLIST_KEY_UIRequiresFullScreen = YES;
				INFOPLIST_KEY_UIStatusBarStyle = "";
				INFOPLIST_KEY_UISupportedInterfaceOrientations = UIInterfaceOrientationPortrait;
				IPHONEOS_DEPLOYMENT_TARGET = 16.0;
				LD_RUNPATH_SEARCH_PATHS = (
					"$(inherited)",
					"@executable_path/Frameworks",
				);
				MARKETING_VERSION = 2.0;
				PRODUCT_BUNDLE_IDENTIFIER = "com.Ranking-Trivia-Latam";
				PRODUCT_NAME = "$(TARGET_NAME)";
				SUPPORTED_PLATFORMS = "iphoneos iphonesimulator";
				SUPPORTS_MACCATALYST = NO;
				SUPPORTS_MAC_DESIGNED_FOR_IPHONE_IPAD = NO;
				SUPPORTS_XR_DESIGNED_FOR_IPHONE_IPAD = NO;
				SWIFT_EMIT_LOC_STRINGS = YES;
				SWIFT_VERSION = 5.0;
				TARGETED_DEVICE_FAMILY = "1,2";
			};
			name = Release;
		};
		709842C42CB72AD300C7A28F /* Debug */ = {
			isa = XCBuildConfiguration;
			buildSettings = {
				BUNDLE_LOADER = "$(TEST_HOST)";
				CODE_SIGN_STYLE = Automatic;
				CURRENT_PROJECT_VERSION = 1;
				DEVELOPMENT_TEAM = 4X96DB8457;
				GENERATE_INFOPLIST_FILE = YES;
				IPHONEOS_DEPLOYMENT_TARGET = 18.0;
				MARKETING_VERSION = 1.0;
				PRODUCT_BUNDLE_IDENTIFIER = "com.Ranking-Trivia-LatamTests";
				PRODUCT_NAME = "$(TARGET_NAME)";
				SWIFT_EMIT_LOC_STRINGS = NO;
				SWIFT_VERSION = 5.0;
				TARGETED_DEVICE_FAMILY = "1,2";
				TEST_HOST = "$(BUILT_PRODUCTS_DIR)/Ranking-Trivia Latam.app/$(BUNDLE_EXECUTABLE_FOLDER_PATH)/Ranking-Trivia Latam";
			};
			name = Debug;
		};
		709842C52CB72AD300C7A28F /* Release */ = {
			isa = XCBuildConfiguration;
			buildSettings = {
				BUNDLE_LOADER = "$(TEST_HOST)";
				CODE_SIGN_STYLE = Automatic;
				CURRENT_PROJECT_VERSION = 1;
				DEVELOPMENT_TEAM = 4X96DB8457;
				GENERATE_INFOPLIST_FILE = YES;
				IPHONEOS_DEPLOYMENT_TARGET = 18.0;
				MARKETING_VERSION = 1.0;
				PRODUCT_BUNDLE_IDENTIFIER = "com.Ranking-Trivia-LatamTests";
				PRODUCT_NAME = "$(TARGET_NAME)";
				SWIFT_EMIT_LOC_STRINGS = NO;
				SWIFT_VERSION = 5.0;
				TARGETED_DEVICE_FAMILY = "1,2";
				TEST_HOST = "$(BUILT_PRODUCTS_DIR)/Ranking-Trivia Latam.app/$(BUNDLE_EXECUTABLE_FOLDER_PATH)/Ranking-Trivia Latam";
			};
			name = Release;
		};
		709842C72CB72AD300C7A28F /* Debug */ = {
			isa = XCBuildConfiguration;
			buildSettings = {
				CODE_SIGN_STYLE = Automatic;
				CURRENT_PROJECT_VERSION = 1;
				DEVELOPMENT_TEAM = 4X96DB8457;
				GENERATE_INFOPLIST_FILE = YES;
				MARKETING_VERSION = 1.0;
				PRODUCT_BUNDLE_IDENTIFIER = "com.Ranking-Trivia-LatamUITests";
				PRODUCT_NAME = "$(TARGET_NAME)";
				SWIFT_EMIT_LOC_STRINGS = NO;
				SWIFT_VERSION = 5.0;
				TARGETED_DEVICE_FAMILY = "1,2";
				TEST_TARGET_NAME = "Ranking-Trivia Latam";
			};
			name = Debug;
		};
		709842C82CB72AD300C7A28F /* Release */ = {
			isa = XCBuildConfiguration;
			buildSettings = {
				CODE_SIGN_STYLE = Automatic;
				CURRENT_PROJECT_VERSION = 1;
				DEVELOPMENT_TEAM = 4X96DB8457;
				GENERATE_INFOPLIST_FILE = YES;
				MARKETING_VERSION = 1.0;
				PRODUCT_BUNDLE_IDENTIFIER = "com.Ranking-Trivia-LatamUITests";
				PRODUCT_NAME = "$(TARGET_NAME)";
				SWIFT_EMIT_LOC_STRINGS = NO;
				SWIFT_VERSION = 5.0;
				TARGETED_DEVICE_FAMILY = "1,2";
				TEST_TARGET_NAME = "Ranking-Trivia Latam";
			};
			name = Release;
		};
/* End XCBuildConfiguration section */

/* Begin XCConfigurationList section */
		709842972CB72AD200C7A28F /* Build configuration list for PBXProject "Ranking-Trivia Latam" */ = {
			isa = XCConfigurationList;
			buildConfigurations = (
				709842BE2CB72AD300C7A28F /* Debug */,
				709842BF2CB72AD300C7A28F /* Release */,
			);
			defaultConfigurationIsVisible = 0;
			defaultConfigurationName = Release;
		};
		709842C02CB72AD300C7A28F /* Build configuration list for PBXNativeTarget "Ranking-Trivia Latam" */ = {
			isa = XCConfigurationList;
			buildConfigurations = (
				709842C12CB72AD300C7A28F /* Debug */,
				709842C22CB72AD300C7A28F /* Release */,
			);
			defaultConfigurationIsVisible = 0;
			defaultConfigurationName = Release;
		};
		709842C32CB72AD300C7A28F /* Build configuration list for PBXNativeTarget "Ranking-Trivia LatamTests" */ = {
			isa = XCConfigurationList;
			buildConfigurations = (
				709842C42CB72AD300C7A28F /* Debug */,
				709842C52CB72AD300C7A28F /* Release */,
			);
			defaultConfigurationIsVisible = 0;
			defaultConfigurationName = Release;
		};
		709842C62CB72AD300C7A28F /* Build configuration list for PBXNativeTarget "Ranking-Trivia LatamUITests" */ = {
			isa = XCConfigurationList;
			buildConfigurations = (
				709842C72CB72AD300C7A28F /* Debug */,
				709842C82CB72AD300C7A28F /* Release */,
			);
			defaultConfigurationIsVisible = 0;
			defaultConfigurationName = Release;
		};
/* End XCConfigurationList section */

/* Begin XCRemoteSwiftPackageReference section */
		704EC11C2CB9C3BA0093ACA5 /* XCRemoteSwiftPackageReference "SwiftSVG" */ = {
			isa = XCRemoteSwiftPackageReference;
			repositoryURL = "https://github.com/mchoe/SwiftSVG";
			requirement = {
				branch = master;
				kind = branch;
			};
		};
		709842D82CB72DFF00C7A28F /* XCRemoteSwiftPackageReference "firebase-ios-sdk" */ = {
			isa = XCRemoteSwiftPackageReference;
			repositoryURL = "https://github.com/firebase/firebase-ios-sdk.git";
			requirement = {
				kind = upToNextMajorVersion;
				minimumVersion = 11.3.0;
			};
		};
		70C714D42CC20B7C0046BC1F /* XCRemoteSwiftPackageReference "swift-package-manager-google-mobile-ads" */ = {
			isa = XCRemoteSwiftPackageReference;
			repositoryURL = "https://github.com/googleads/swift-package-manager-google-mobile-ads.git";
			requirement = {
				kind = upToNextMajorVersion;
				minimumVersion = 11.10.0;
			};
		};
/* End XCRemoteSwiftPackageReference section */

/* Begin XCSwiftPackageProductDependency section */
		704EC1202CB9C5AD0093ACA5 /* SwiftSVG */ = {
			isa = XCSwiftPackageProductDependency;
			package = 704EC11C2CB9C3BA0093ACA5 /* XCRemoteSwiftPackageReference "SwiftSVG" */;
			productName = SwiftSVG;
		};
		709842D92CB72DFF00C7A28F /* FirebaseDatabase */ = {
			isa = XCSwiftPackageProductDependency;
			package = 709842D82CB72DFF00C7A28F /* XCRemoteSwiftPackageReference "firebase-ios-sdk" */;
			productName = FirebaseDatabase;
		};
		709842DB2CB72DFF00C7A28F /* FirebaseFirestore */ = {
			isa = XCSwiftPackageProductDependency;
			package = 709842D82CB72DFF00C7A28F /* XCRemoteSwiftPackageReference "firebase-ios-sdk" */;
			productName = FirebaseFirestore;
		};
		70C714DC2CC214D80046BC1F /* GoogleMobileAds */ = {
			isa = XCSwiftPackageProductDependency;
			package = 70C714D42CC20B7C0046BC1F /* XCRemoteSwiftPackageReference "swift-package-manager-google-mobile-ads" */;
			productName = GoogleMobileAds;
		};
/* End XCSwiftPackageProductDependency section */
	};
	rootObject = 709842942CB72AD200C7A28F /* Project object */;
}
